// !$*UTF8*$!
{
	archiveVersion = 1;
	classes = {
	};
	objectVersion = 46;
	objects = {

/* Begin PBXBuildFile section */
		38842B631E8394C90058B8AF /* main.m in Sources */ = {isa = PBXBuildFile; fileRef = 38842B621E8394C90058B8AF /* main.m */; };
		38842B661E8394C90058B8AF /* AppDelegate.m in Sources */ = {isa = PBXBuildFile; fileRef = 38842B651E8394C90058B8AF /* AppDelegate.m */; };
		38842B691E8394C90058B8AF /* ViewController.m in Sources */ = {isa = PBXBuildFile; fileRef = 38842B681E8394C90058B8AF /* ViewController.m */; };
		38842B6C1E8394C90058B8AF /* Main.storyboard in Resources */ = {isa = PBXBuildFile; fileRef = 38842B6A1E8394C90058B8AF /* Main.storyboard */; };
		38842B6E1E8394C90058B8AF /* Assets.xcassets in Resources */ = {isa = PBXBuildFile; fileRef = 38842B6D1E8394C90058B8AF /* Assets.xcassets */; };
		38842B711E8394C90058B8AF /* LaunchScreen.storyboard in Resources */ = {isa = PBXBuildFile; fileRef = 38842B6F1E8394C90058B8AF /* LaunchScreen.storyboard */; };
		38842B7C1E8394C90058B8AF /* __Tests.m in Sources */ = {isa = PBXBuildFile; fileRef = 38842B7B1E8394C90058B8AF /* __Tests.m */; };
		38842B871E8394C90058B8AF /* __UITests.m in Sources */ = {isa = PBXBuildFile; fileRef = 38842B861E8394C90058B8AF /* __UITests.m */; };
		38842B951E8394EC0058B8AF /*  R4.7.png in Resources */ = {isa = PBXBuildFile; fileRef = 38842B941E8394EC0058B8AF /*  R4.7.png */; };
		38842B991E8395DA0058B8AF /* FZLTXIHJW--GB1-0.TTF in Resources */ = {isa = PBXBuildFile; fileRef = 38842B961E8395DA0058B8AF /* FZLTXIHJW--GB1-0.TTF */; };
		38842B9A1E8395DA0058B8AF /* FZLTZCHJW--GB1-0.TTF in Resources */ = {isa = PBXBuildFile; fileRef = 38842B971E8395DA0058B8AF /* FZLTZCHJW--GB1-0.TTF */; };
		38842B9B1E8395DA0058B8AF /* Lobster 1.4.otf in Resources */ = {isa = PBXBuildFile; fileRef = 38842B981E8395DA0058B8AF /* Lobster 1.4.otf */; };
		38D094DA1E83A68A008D3673 /* TBController.m in Sources */ = {isa = PBXBuildFile; fileRef = 38D094D91E83A68A008D3673 /* TBController.m */; };
		38D094DF1E83AC35008D3673 /* LaunchView.m in Sources */ = {isa = PBXBuildFile; fileRef = 38D094DD1E83AC35008D3673 /* LaunchView.m */; };
		38D094E01E83AC35008D3673 /* LaunchView.xib in Resources */ = {isa = PBXBuildFile; fileRef = 38D094DE1E83AC35008D3673 /* LaunchView.xib */; };
/* End PBXBuildFile section */

/* Begin PBXContainerItemProxy section */
		38842B781E8394C90058B8AF /* PBXContainerItemProxy */ = {
			isa = PBXContainerItemProxy;
			containerPortal = 38842B561E8394C90058B8AF /* Project object */;
			proxyType = 1;
			remoteGlobalIDString = 38842B5D1E8394C90058B8AF;
			remoteInfo = "开眼";
		};
		38842B831E8394C90058B8AF /* PBXContainerItemProxy */ = {
			isa = PBXContainerItemProxy;
			containerPortal = 38842B561E8394C90058B8AF /* Project object */;
			proxyType = 1;
			remoteGlobalIDString = 38842B5D1E8394C90058B8AF;
			remoteInfo = "开眼";
		};
/* End PBXContainerItemProxy section */

/* Begin PBXFileReference section */
		38842B5E1E8394C90058B8AF /* 开眼.app */ = {isa = PBXFileReference; explicitFileType = wrapper.application; includeInIndex = 0; path = "开眼.app"; sourceTree = BUILT_PRODUCTS_DIR; };
		38842B621E8394C90058B8AF /* main.m */ = {isa = PBXFileReference; lastKnownFileType = sourcecode.c.objc; path = main.m; sourceTree = "<group>"; };
		38842B641E8394C90058B8AF /* AppDelegate.h */ = {isa = PBXFileReference; lastKnownFileType = sourcecode.c.h; path = AppDelegate.h; sourceTree = "<group>"; };
		38842B651E8394C90058B8AF /* AppDelegate.m */ = {isa = PBXFileReference; lastKnownFileType = sourcecode.c.objc; path = AppDelegate.m; sourceTree = "<group>"; };
		38842B671E8394C90058B8AF /* ViewController.h */ = {isa = PBXFileReference; lastKnownFileType = sourcecode.c.h; path = ViewController.h; sourceTree = "<group>"; };
		38842B681E8394C90058B8AF /* ViewController.m */ = {isa = PBXFileReference; lastKnownFileType = sourcecode.c.objc; path = ViewController.m; sourceTree = "<group>"; };
		38842B6B1E8394C90058B8AF /* Base */ = {isa = PBXFileReference; lastKnownFileType = file.storyboard; name = Base; path = Base.lproj/Main.storyboard; sourceTree = "<group>"; };
		38842B6D1E8394C90058B8AF /* Assets.xcassets */ = {isa = PBXFileReference; lastKnownFileType = folder.assetcatalog; path = Assets.xcassets; sourceTree = "<group>"; };
		38842B701E8394C90058B8AF /* Base */ = {isa = PBXFileReference; lastKnownFileType = file.storyboard; name = Base; path = Base.lproj/LaunchScreen.storyboard; sourceTree = "<group>"; };
		38842B721E8394C90058B8AF /* Info.plist */ = {isa = PBXFileReference; lastKnownFileType = text.plist.xml; path = Info.plist; sourceTree = "<group>"; };
		38842B771E8394C90058B8AF /* 开眼Tests.xctest */ = {isa = PBXFileReference; explicitFileType = wrapper.cfbundle; includeInIndex = 0; path = "开眼Tests.xctest"; sourceTree = BUILT_PRODUCTS_DIR; };
		38842B7B1E8394C90058B8AF /* __Tests.m */ = {isa = PBXFileReference; lastKnownFileType = sourcecode.c.objc; path = __Tests.m; sourceTree = "<group>"; };
		38842B7D1E8394C90058B8AF /* Info.plist */ = {isa = PBXFileReference; lastKnownFileType = text.plist.xml; path = Info.plist; sourceTree = "<group>"; };
		38842B821E8394C90058B8AF /* 开眼UITests.xctest */ = {isa = PBXFileReference; explicitFileType = wrapper.cfbundle; includeInIndex = 0; path = "开眼UITests.xctest"; sourceTree = BUILT_PRODUCTS_DIR; };
		38842B861E8394C90058B8AF /* __UITests.m */ = {isa = PBXFileReference; lastKnownFileType = sourcecode.c.objc; path = __UITests.m; sourceTree = "<group>"; };
		38842B881E8394C90058B8AF /* Info.plist */ = {isa = PBXFileReference; lastKnownFileType = text.plist.xml; path = Info.plist; sourceTree = "<group>"; };
		38842B941E8394EC0058B8AF /*  R4.7.png */ = {isa = PBXFileReference; lastKnownFileType = image.png; path = " R4.7.png"; sourceTree = "<group>"; };
		38842B961E8395DA0058B8AF /* FZLTXIHJW--GB1-0.TTF */ = {isa = PBXFileReference; lastKnownFileType = file; path = "FZLTXIHJW--GB1-0.TTF"; sourceTree = "<group>"; };
		38842B971E8395DA0058B8AF /* FZLTZCHJW--GB1-0.TTF */ = {isa = PBXFileReference; lastKnownFileType = file; path = "FZLTZCHJW--GB1-0.TTF"; sourceTree = "<group>"; };
		38842B981E8395DA0058B8AF /* Lobster 1.4.otf */ = {isa = PBXFileReference; lastKnownFileType = file; path = "Lobster 1.4.otf"; sourceTree = "<group>"; };
		38D094D81E83A68A008D3673 /* TBController.h */ = {isa = PBXFileReference; fileEncoding = 4; lastKnownFileType = sourcecode.c.h; path = TBController.h; sourceTree = "<group>"; };
		38D094D91E83A68A008D3673 /* TBController.m */ = {isa = PBXFileReference; fileEncoding = 4; lastKnownFileType = sourcecode.c.objc; path = TBController.m; sourceTree = "<group>"; };
		38D094DC1E83AC35008D3673 /* LaunchView.h */ = {isa = PBXFileReference; fileEncoding = 4; lastKnownFileType = sourcecode.c.h; path = LaunchView.h; sourceTree = "<group>"; };
		38D094DD1E83AC35008D3673 /* LaunchView.m */ = {isa = PBXFileReference; fileEncoding = 4; lastKnownFileType = sourcecode.c.objc; path = LaunchView.m; sourceTree = "<group>"; };
		38D094DE1E83AC35008D3673 /* LaunchView.xib */ = {isa = PBXFileReference; fileEncoding = 4; lastKnownFileType = file.xib; path = LaunchView.xib; sourceTree = "<group>"; };
/* End PBXFileReference section */

/* Begin PBXFrameworksBuildPhase section */
		38842B5B1E8394C90058B8AF /* Frameworks */ = {
			isa = PBXFrameworksBuildPhase;
			buildActionMask = 2147483647;
			files = (
			);
			runOnlyForDeploymentPostprocessing = 0;
		};
		38842B741E8394C90058B8AF /* Frameworks */ = {
			isa = PBXFrameworksBuildPhase;
			buildActionMask = 2147483647;
			files = (
			);
			runOnlyForDeploymentPostprocessing = 0;
		};
		38842B7F1E8394C90058B8AF /* Frameworks */ = {
			isa = PBXFrameworksBuildPhase;
			buildActionMask = 2147483647;
			files = (
			);
			runOnlyForDeploymentPostprocessing = 0;
		};
/* End PBXFrameworksBuildPhase section */

/* Begin PBXGroup section */
		38842B551E8394C90058B8AF = {
			isa = PBXGroup;
			children = (
				38842B601E8394C90058B8AF /* 开眼 */,
				38842B7A1E8394C90058B8AF /* 开眼Tests */,
				38842B851E8394C90058B8AF /* 开眼UITests */,
				38842B5F1E8394C90058B8AF /* Products */,
			);
			sourceTree = "<group>";
		};
		38842B5F1E8394C90058B8AF /* Products */ = {
			isa = PBXGroup;
			children = (
				38842B5E1E8394C90058B8AF /* 开眼.app */,
				38842B771E8394C90058B8AF /* 开眼Tests.xctest */,
				38842B821E8394C90058B8AF /* 开眼UITests.xctest */,
			);
			name = Products;
			sourceTree = "<group>";
		};
		38842B601E8394C90058B8AF /* 开眼 */ = {
			isa = PBXGroup;
			children = (
				38D094DB1E83AC35008D3673 /* LaunchView */,
				38842B641E8394C90058B8AF /* AppDelegate.h */,
				38842B651E8394C90058B8AF /* AppDelegate.m */,
				38842B671E8394C90058B8AF /* ViewController.h */,
				38842B681E8394C90058B8AF /* ViewController.m */,
				38D094D81E83A68A008D3673 /* TBController.h */,
				38D094D91E83A68A008D3673 /* TBController.m */,
				38842B6A1E8394C90058B8AF /* Main.storyboard */,
				38842B6D1E8394C90058B8AF /* Assets.xcassets */,
				38842B6F1E8394C90058B8AF /* LaunchScreen.storyboard */,
				38842B941E8394EC0058B8AF /*  R4.7.png */,
				38842B611E8394C90058B8AF /* Supporting Files */,
			);
			path = "开眼";
			sourceTree = "<group>";
		};
		38842B611E8394C90058B8AF /* Supporting Files */ = {
			isa = PBXGroup;
			children = (
				38842B961E8395DA0058B8AF /* FZLTXIHJW--GB1-0.TTF */,
				38842B971E8395DA0058B8AF /* FZLTZCHJW--GB1-0.TTF */,
				38842B981E8395DA0058B8AF /* Lobster 1.4.otf */,
				38842B621E8394C90058B8AF /* main.m */,
				38842B721E8394C90058B8AF /* Info.plist */,
			);
			name = "Supporting Files";
			sourceTree = "<group>";
		};
		38842B7A1E8394C90058B8AF /* 开眼Tests */ = {
			isa = PBXGroup;
			children = (
				38842B7B1E8394C90058B8AF /* __Tests.m */,
				38842B7D1E8394C90058B8AF /* Info.plist */,
			);
			path = "开眼Tests";
			sourceTree = "<group>";
		};
		38842B851E8394C90058B8AF /* 开眼UITests */ = {
			isa = PBXGroup;
			children = (
				38842B861E8394C90058B8AF /* __UITests.m */,
				38842B881E8394C90058B8AF /* Info.plist */,
			);
			path = "开眼UITests";
			sourceTree = "<group>";
		};
		38D094DB1E83AC35008D3673 /* LaunchView */ = {
			isa = PBXGroup;
			children = (
				38D094DC1E83AC35008D3673 /* LaunchView.h */,
				38D094DD1E83AC35008D3673 /* LaunchView.m */,
				38D094DE1E83AC35008D3673 /* LaunchView.xib */,
			);
			path = LaunchView;
			sourceTree = "<group>";
		};
/* End PBXGroup section */

/* Begin PBXNativeTarget section */
		38842B5D1E8394C90058B8AF /* 开眼 */ = {
			isa = PBXNativeTarget;
			buildConfigurationList = 38842B8B1E8394C90058B8AF /* Build configuration list for PBXNativeTarget "开眼" */;
			buildPhases = (
				38842B5A1E8394C90058B8AF /* Sources */,
				38842B5B1E8394C90058B8AF /* Frameworks */,
				38842B5C1E8394C90058B8AF /* Resources */,
			);
			buildRules = (
			);
			dependencies = (
			);
			name = "开眼";
			productName = "开眼";
			productReference = 38842B5E1E8394C90058B8AF /* 开眼.app */;
			productType = "com.apple.product-type.application";
		};
		38842B761E8394C90058B8AF /* 开眼Tests */ = {
			isa = PBXNativeTarget;
			buildConfigurationList = 38842B8E1E8394C90058B8AF /* Build configuration list for PBXNativeTarget "开眼Tests" */;
			buildPhases = (
				38842B731E8394C90058B8AF /* Sources */,
				38842B741E8394C90058B8AF /* Frameworks */,
				38842B751E8394C90058B8AF /* Resources */,
			);
			buildRules = (
			);
			dependencies = (
				38842B791E8394C90058B8AF /* PBXTargetDependency */,
			);
			name = "开眼Tests";
			productName = "开眼Tests";
			productReference = 38842B771E8394C90058B8AF /* 开眼Tests.xctest */;
			productType = "com.apple.product-type.bundle.unit-test";
		};
		38842B811E8394C90058B8AF /* 开眼UITests */ = {
			isa = PBXNativeTarget;
			buildConfigurationList = 38842B911E8394C90058B8AF /* Build configuration list for PBXNativeTarget "开眼UITests" */;
			buildPhases = (
				38842B7E1E8394C90058B8AF /* Sources */,
				38842B7F1E8394C90058B8AF /* Frameworks */,
				38842B801E8394C90058B8AF /* Resources */,
			);
			buildRules = (
			);
			dependencies = (
				38842B841E8394C90058B8AF /* PBXTargetDependency */,
			);
			name = "开眼UITests";
			productName = "开眼UITests";
			productReference = 38842B821E8394C90058B8AF /* 开眼UITests.xctest */;
			productType = "com.apple.product-type.bundle.ui-testing";
		};
/* End PBXNativeTarget section */

/* Begin PBXProject section */
		38842B561E8394C90058B8AF /* Project object */ = {
			isa = PBXProject;
			attributes = {
				LastUpgradeCheck = 0820;
				ORGANIZATIONNAME = liuyanming;
				TargetAttributes = {
					38842B5D1E8394C90058B8AF = {
						CreatedOnToolsVersion = 8.2.1;
						ProvisioningStyle = Automatic;
					};
					38842B761E8394C90058B8AF = {
						CreatedOnToolsVersion = 8.2.1;
						ProvisioningStyle = Automatic;
						TestTargetID = 38842B5D1E8394C90058B8AF;
					};
					38842B811E8394C90058B8AF = {
						CreatedOnToolsVersion = 8.2.1;
						ProvisioningStyle = Automatic;
						TestTargetID = 38842B5D1E8394C90058B8AF;
					};
				};
			};
			buildConfigurationList = 38842B591E8394C90058B8AF /* Build configuration list for PBXProject "开眼" */;
			compatibilityVersion = "Xcode 3.2";
			developmentRegion = English;
			hasScannedForEncodings = 0;
			knownRegions = (
				en,
				Base,
			);
			mainGroup = 38842B551E8394C90058B8AF;
			productRefGroup = 38842B5F1E8394C90058B8AF /* Products */;
			projectDirPath = "";
			projectRoot = "";
			targets = (
				38842B5D1E8394C90058B8AF /* 开眼 */,
				38842B761E8394C90058B8AF /* 开眼Tests */,
				38842B811E8394C90058B8AF /* 开眼UITests */,
			);
		};
/* End PBXProject section */

/* Begin PBXResourcesBuildPhase section */
		38842B5C1E8394C90058B8AF /* Resources */ = {
			isa = PBXResourcesBuildPhase;
			buildActionMask = 2147483647;
			files = (
				38842B9B1E8395DA0058B8AF /* Lobster 1.4.otf in Resources */,
				38842B711E8394C90058B8AF /* LaunchScreen.storyboard in Resources */,
				38842B6E1E8394C90058B8AF /* Assets.xcassets in Resources */,
				38842B6C1E8394C90058B8AF /* Main.storyboard in Resources */,
				38842B951E8394EC0058B8AF /*  R4.7.png in Resources */,
				38D094E01E83AC35008D3673 /* LaunchView.xib in Resources */,
				38842B991E8395DA0058B8AF /* FZLTXIHJW--GB1-0.TTF in Resources */,
				38842B9A1E8395DA0058B8AF /* FZLTZCHJW--GB1-0.TTF in Resources */,
			);
			runOnlyForDeploymentPostprocessing = 0;
		};
		38842B751E8394C90058B8AF /* Resources */ = {
			isa = PBXResourcesBuildPhase;
			buildActionMask = 2147483647;
			files = (
			);
			runOnlyForDeploymentPostprocessing = 0;
		};
		38842B801E8394C90058B8AF /* Resources */ = {
			isa = PBXResourcesBuildPhase;
			buildActionMask = 2147483647;
			files = (
			);
			runOnlyForDeploymentPostprocessing = 0;
		};
/* End PBXResourcesBuildPhase section */

/* Begin PBXSourcesBuildPhase section */
		38842B5A1E8394C90058B8AF /* Sources */ = {
			isa = PBXSourcesBuildPhase;
			buildActionMask = 2147483647;
			files = (
				38842B691E8394C90058B8AF /* ViewController.m in Sources */,
				38842B661E8394C90058B8AF /* AppDelegate.m in Sources */,
				38D094DA1E83A68A008D3673 /* TBController.m in Sources */,
				38842B631E8394C90058B8AF /* main.m in Sources */,
				38D094DF1E83AC35008D3673 /* LaunchView.m in Sources */,
			);
			runOnlyForDeploymentPostprocessing = 0;
		};
		38842B731E8394C90058B8AF /* Sources */ = {
			isa = PBXSourcesBuildPhase;
			buildActionMask = 2147483647;
			files = (
				38842B7C1E8394C90058B8AF /* __Tests.m in Sources */,
			);
			runOnlyForDeploymentPostprocessing = 0;
		};
		38842B7E1E8394C90058B8AF /* Sources */ = {
			isa = PBXSourcesBuildPhase;
			buildActionMask = 2147483647;
			files = (
				38842B871E8394C90058B8AF /* __UITests.m in Sources */,
			);
			runOnlyForDeploymentPostprocessing = 0;
		};
/* End PBXSourcesBuildPhase section */

/* Begin PBXTargetDependency section */
		38842B791E8394C90058B8AF /* PBXTargetDependency */ = {
			isa = PBXTargetDependency;
			target = 38842B5D1E8394C90058B8AF /* 开眼 */;
			targetProxy = 38842B781E8394C90058B8AF /* PBXContainerItemProxy */;
		};
		38842B841E8394C90058B8AF /* PBXTargetDependency */ = {
			isa = PBXTargetDependency;
			target = 38842B5D1E8394C90058B8AF /* 开眼 */;
			targetProxy = 38842B831E8394C90058B8AF /* PBXContainerItemProxy */;
		};
/* End PBXTargetDependency section */

/* Begin PBXVariantGroup section */
		38842B6A1E8394C90058B8AF /* Main.storyboard */ = {
			isa = PBXVariantGroup;
			children = (
				38842B6B1E8394C90058B8AF /* Base */,
			);
			name = Main.storyboard;
			sourceTree = "<group>";
		};
		38842B6F1E8394C90058B8AF /* LaunchScreen.storyboard */ = {
			isa = PBXVariantGroup;
			children = (
				38842B701E8394C90058B8AF /* Base */,
			);
			name = LaunchScreen.storyboard;
			sourceTree = "<group>";
		};
/* End PBXVariantGroup section */

/* Begin XCBuildConfiguration section */
		38842B891E8394C90058B8AF /* Debug */ = {
			isa = XCBuildConfiguration;
			buildSettings = {
				ALWAYS_SEARCH_USER_PATHS = NO;
				CLANG_ANALYZER_NONNULL = YES;
				CLANG_CXX_LANGUAGE_STANDARD = "gnu++0x";
				CLANG_CXX_LIBRARY = "libc++";
				CLANG_ENABLE_MODULES = YES;
				CLANG_ENABLE_OBJC_ARC = YES;
				CLANG_WARN_BOOL_CONVERSION = YES;
				CLANG_WARN_CONSTANT_CONVERSION = YES;
				CLANG_WARN_DIRECT_OBJC_ISA_USAGE = YES_ERROR;
				CLANG_WARN_DOCUMENTATION_COMMENTS = YES;
				CLANG_WARN_EMPTY_BODY = YES;
				CLANG_WARN_ENUM_CONVERSION = YES;
				CLANG_WARN_INFINITE_RECURSION = YES;
				CLANG_WARN_INT_CONVERSION = YES;
				CLANG_WARN_OBJC_ROOT_CLASS = YES_ERROR;
				CLANG_WARN_SUSPICIOUS_MOVE = YES;
				CLANG_WARN_UNREACHABLE_CODE = YES;
				CLANG_WARN__DUPLICATE_METHOD_MATCH = YES;
				"CODE_SIGN_IDENTITY[sdk=iphoneos*]" = "iPhone Developer";
				COPY_PHASE_STRIP = NO;
				DEBUG_INFORMATION_FORMAT = dwarf;
				ENABLE_STRICT_OBJC_MSGSEND = YES;
				ENABLE_TESTABILITY = YES;
				GCC_C_LANGUAGE_STANDARD = gnu99;
				GCC_DYNAMIC_NO_PIC = NO;
				GCC_NO_COMMON_BLOCKS = YES;
				GCC_OPTIMIZATION_LEVEL = 0;
				GCC_PREPROCESSOR_DEFINITIONS = (
					"DEBUG=1",
					"$(inherited)",
				);
				GCC_WARN_64_TO_32_BIT_CONVERSION = YES;
				GCC_WARN_ABOUT_RETURN_TYPE = YES_ERROR;
				GCC_WARN_UNDECLARED_SELECTOR = YES;
				GCC_WARN_UNINITIALIZED_AUTOS = YES_AGGRESSIVE;
				GCC_WARN_UNUSED_FUNCTION = YES;
				GCC_WARN_UNUSED_VARIABLE = YES;
				IPHONEOS_DEPLOYMENT_TARGET = 10.2;
				MTL_ENABLE_DEBUG_INFO = YES;
				ONLY_ACTIVE_ARCH = YES;
				SDKROOT = iphoneos;
				TARGETED_DEVICE_FAMILY = "1,2";
			};
			name = Debug;
		};
		38842B8A1E8394C90058B8AF /* Release */ = {
			isa = XCBuildConfiguration;
			buildSettings = {
				ALWAYS_SEARCH_USER_PATHS = NO;
				CLANG_ANALYZER_NONNULL = YES;
				CLANG_CXX_LANGUAGE_STANDARD = "gnu++0x";
				CLANG_CXX_LIBRARY = "libc++";
				CLANG_ENABLE_MODULES = YES;
				CLANG_ENABLE_OBJC_ARC = YES;
				CLANG_WARN_BOOL_CONVERSION = YES;
				CLANG_WARN_CONSTANT_CONVERSION = YES;
				CLANG_WARN_DIRECT_OBJC_ISA_USAGE = YES_ERROR;
				CLANG_WARN_DOCUMENTATION_COMMENTS = YES;
				CLANG_WARN_EMPTY_BODY = YES;
				CLANG_WARN_ENUM_CONVERSION = YES;
				CLANG_WARN_INFINITE_RECURSION = YES;
				CLANG_WARN_INT_CONVERSION = YES;
				CLANG_WARN_OBJC_ROOT_CLASS = YES_ERROR;
				CLANG_WARN_SUSPICIOUS_MOVE = YES;
				CLANG_WARN_UNREACHABLE_CODE = YES;
				CLANG_WARN__DUPLICATE_METHOD_MATCH = YES;
				"CODE_SIGN_IDENTITY[sdk=iphoneos*]" = "iPhone Developer";
				COPY_PHASE_STRIP = NO;
				DEBUG_INFORMATION_FORMAT = "dwarf-with-dsym";
				ENABLE_NS_ASSERTIONS = NO;
				ENABLE_STRICT_OBJC_MSGSEND = YES;
				GCC_C_LANGUAGE_STANDARD = gnu99;
				GCC_NO_COMMON_BLOCKS = YES;
				GCC_WARN_64_TO_32_BIT_CONVERSION = YES;
				GCC_WARN_ABOUT_RETURN_TYPE = YES_ERROR;
				GCC_WARN_UNDECLARED_SELECTOR = YES;
				GCC_WARN_UNINITIALIZED_AUTOS = YES_AGGRESSIVE;
				GCC_WARN_UNUSED_FUNCTION = YES;
				GCC_WARN_UNUSED_VARIABLE = YES;
				IPHONEOS_DEPLOYMENT_TARGET = 10.2;
				MTL_ENABLE_DEBUG_INFO = NO;
				SDKROOT = iphoneos;
				TARGETED_DEVICE_FAMILY = "1,2";
				VALIDATE_PRODUCT = YES;
			};
			name = Release;
		};
		38842B8C1E8394C90058B8AF /* Debug */ = {
			isa = XCBuildConfiguration;
			buildSettings = {
				ASSETCATALOG_COMPILER_APPICON_NAME = AppIcon;
				INFOPLIST_FILE = "开眼/Info.plist";
				LD_RUNPATH_SEARCH_PATHS = "$(inherited) @executable_path/Frameworks";
				PRODUCT_BUNDLE_IDENTIFIER = "-.--";
				PRODUCT_NAME = "$(TARGET_NAME)";
			};
			name = Debug;
		};
		38842B8D1E8394C90058B8AF /* Release */ = {
			isa = XCBuildConfiguration;
			buildSettings = {
				ASSETCATALOG_COMPILER_APPICON_NAME = AppIcon;
				INFOPLIST_FILE = "开眼/Info.plist";
				LD_RUNPATH_SEARCH_PATHS = "$(inherited) @executable_path/Frameworks";
				PRODUCT_BUNDLE_IDENTIFIER = "-.--";
				PRODUCT_NAME = "$(TARGET_NAME)";
			};
			name = Release;
		};
		38842B8F1E8394C90058B8AF /* Debug */ = {
			isa = XCBuildConfiguration;
			buildSettings = {
				BUNDLE_LOADER = "$(TEST_HOST)";
				INFOPLIST_FILE = "开眼Tests/Info.plist";
				LD_RUNPATH_SEARCH_PATHS = "$(inherited) @executable_path/Frameworks @loader_path/Frameworks";
				PRODUCT_BUNDLE_IDENTIFIER = "-.--Tests";
				PRODUCT_NAME = "$(TARGET_NAME)";
				TEST_HOST = "$(BUILT_PRODUCTS_DIR)/开眼.app/开眼";
			};
			name = Debug;
		};
		38842B901E8394C90058B8AF /* Release */ = {
			isa = XCBuildConfiguration;
			buildSettings = {
				BUNDLE_LOADER = "$(TEST_HOST)";
				INFOPLIST_FILE = "开眼Tests/Info.plist";
				LD_RUNPATH_SEARCH_PATHS = "$(inherited) @executable_path/Frameworks @loader_path/Frameworks";
				PRODUCT_BUNDLE_IDENTIFIER = "-.--Tests";
				PRODUCT_NAME = "$(TARGET_NAME)";
				TEST_HOST = "$(BUILT_PRODUCTS_DIR)/开眼.app/开眼";
			};
			name = Release;
		};
		38842B921E8394C90058B8AF /* Debug */ = {
			isa = XCBuildConfiguration;
			buildSettings = {
				INFOPLIST_FILE = "开眼UITests/Info.plist";
				LD_RUNPATH_SEARCH_PATHS = "$(inherited) @executable_path/Frameworks @loader_path/Frameworks";
				PRODUCT_BUNDLE_IDENTIFIER = "-.--UITests";
				PRODUCT_NAME = "$(TARGET_NAME)";
				TEST_TARGET_NAME = "开眼";
			};
			name = Debug;
		};
		38842B931E8394C90058B8AF /* Release */ = {
			isa = XCBuildConfiguration;
			buildSettings = {
				INFOPLIST_FILE = "开眼UITests/Info.plist";
				LD_RUNPATH_SEARCH_PATHS = "$(inherited) @executable_path/Frameworks @loader_path/Frameworks";
				PRODUCT_BUNDLE_IDENTIFIER = "-.--UITests";
				PRODUCT_NAME = "$(TARGET_NAME)";
				TEST_TARGET_NAME = "开眼";
			};
			name = Release;
		};
/* End XCBuildConfiguration section */

/* Begin XCConfigurationList section */
		38842B591E8394C90058B8AF /* Build configuration list for PBXProject "开眼" */ = {
			isa = XCConfigurationList;
			buildConfigurations = (
				38842B891E8394C90058B8AF /* Debug */,
				38842B8A1E8394C90058B8AF /* Release */,
			);
			defaultConfigurationIsVisible = 0;
			defaultConfigurationName = Release;
		};
		38842B8B1E8394C90058B8AF /* Build configuration list for PBXNativeTarget "开眼" */ = {
			isa = XCConfigurationList;
			buildConfigurations = (
				38842B8C1E8394C90058B8AF /* Debug */,
				38842B8D1E8394C90058B8AF /* Release */,
			);
			defaultConfigurationIsVisible = 0;
			defaultConfigurationName = Release;
		};
		38842B8E1E8394C90058B8AF /* Build configuration list for PBXNativeTarget "开眼Tests" */ = {
			isa = XCConfigurationList;
			buildConfigurations = (
				38842B8F1E8394C90058B8AF /* Debug */,
				38842B901E8394C90058B8AF /* Release */,
			);
			defaultConfigurationIsVisible = 0;
			defaultConfigurationName = Release;
		};
		38842B911E8394C90058B8AF /* Build configuration list for PBXNativeTarget "开眼UITests" */ = {
			isa = XCConfigurationList;
			buildConfigurations = (
				38842B921E8394C90058B8AF /* Debug */,
				38842B931E8394C90058B8AF /* Release */,
			);
			defaultConfigurationIsVisible = 0;
			defaultConfigurationName = Release;
		};
/* End XCConfigurationList section */
	};
	rootObject = 38842B561E8394C90058B8AF /* Project object */;
}
